
Microsoft Visual Studio Solution File, Format Version 12.00
# Visual Studio Version 16
VisualStudioVersion = 16.0.30611.23
MinimumVisualStudioVersion = 10.0.40219.1
Project("{FAE04EC0-301F-11D3-BF4B-00C04F79EFBC}") = "WindowsFormsApp10", "WindowsFormsApp10\WindowsFormsApp10.csproj", "{FC8151E1-036A-4360-B7FA-A31E74B9847E}"
EndProject
Global
	GlobalSection(SolutionConfigurationPlatforms) = preSolution
		Debug|Any CPU = Debug|Any CPU
		Release|Any CPU = Release|Any CPU
	EndGlobalSection
	GlobalSection(ProjectConfigurationPlatforms) = postSolution
		{FC8151E1-036A-4360-B7FA-A31E74B9847E}.Debug|Any CPU.ActiveCfg = Debug|Any CPU
		{FC8151E1-036A-4360-B7FA-A31E74B9847E}.Debug|Any CPU.Build.0 = Debug|Any CPU
		{FC8151E1-036A-4360-B7FA-A31E74B9847E}.Release|Any CPU.ActiveCfg = Release|Any CPU
		{FC8151E1-036A-4360-B7FA-A31E74B9847E}.Release|Any CPU.Build.0 = Release|Any CPU
	EndGlobalSection
	GlobalSection(SolutionProperties) = preSolution
		HideSolutionNode = FALSE
	EndGlobalSection
	GlobalSection(ExtensibilityGlobals) = postSolution
		SolutionGuid = {8118A988-BE6D-425D-A0B2-D79831DFA1B7}
	EndGlobalSection
EndGlobal
